<?xml version="1.0" encoding="utf-8"?>
<Project ToolsVersion="4.0" xmlns="http://schemas.microsoft.com/developer/msbuild/2003">
  <ItemGroup>
    <Filter Include="Concurrency">
      <UniqueIdentifier>{700FC23E-DCC4-3A34-65B9-340BD16D3138}</UniqueIdentifier>
    </Filter>
    <Filter Include="Math">
      <UniqueIdentifier>{AFF4887C-9B2B-8A0D-4418-7010302E060F}</UniqueIdentifier>
    </Filter>
  </ItemGroup>
  <ItemGroup>
    <ClInclude Include="App.h" />
    <ClInclude Include="Concurrency\SpinLock.h">
      <Filter>Concurrency</Filter>
    </ClInclude>
    <ClInclude Include="Debug.h" />
    <ClInclude Include="Gadget.h" />
    <ClInclude Include="Math\Angle.h">
      <Filter>Math</Filter>
    </ClInclude>
    <ClInclude Include="Math\Math.h">
      <Filter>Math</Filter>
    </ClInclude>
  </ItemGroup>
  <ItemGroup>
    <ClCompile Include="App.cpp" />
    <ClCompile Include="Concurrency\SpinLock.cpp">
      <Filter>Concurrency</Filter>
    </ClCompile>
    <ClCompile Include="Debug.cpp" />
    <ClCompile Include="Math\Angle.cpp">
      <Filter>Math</Filter>
    </ClCompile>
  </ItemGroup>
</Project>