<?xml version="1.0" encoding="utf-8"?>
<Project ToolsVersion="4.0" xmlns="http://schemas.microsoft.com/developer/msbuild/2003">
  <ItemGroup>
    <Filter Include="Concurrency">
      <UniqueIdentifier>{700FC23E-DCC4-3A34-65B9-340BD16D3138}</UniqueIdentifier>
    </Filter>
    <Filter Include="Core">
      <UniqueIdentifier>{2EB4837C-1AEB-840D-C3D7-6A10AFED000F}</UniqueIdentifier>
    </Filter>
    <Filter Include="Events">
      <UniqueIdentifier>{3A8963B1-262B-8E87-0FE6-A1DBFB2615D8}</UniqueIdentifier>
    </Filter>
    <Filter Include="Game">
      <UniqueIdentifier>{7FA9857C-6BE0-860D-14CD-6C1000E3020F}</UniqueIdentifier>
    </Filter>
    <Filter Include="Graphics">
      <UniqueIdentifier>{1653CE33-0220-293F-2B39-17E717655ECD}</UniqueIdentifier>
    </Filter>
    <Filter Include="Graphics\Components">
      <UniqueIdentifier>{6B5E6BF0-D7BF-48FE-602D-8FB0CC8D7FBD}</UniqueIdentifier>
    </Filter>
    <Filter Include="Graphics\DX12">
      <UniqueIdentifier>{24F78497-90B7-00CE-59F2-494BC57145AA}</UniqueIdentifier>
    </Filter>
    <Filter Include="Graphics\GUI">
      <UniqueIdentifier>{2AED684A-1650-F8EE-BFD5-30A5AB17C471}</UniqueIdentifier>
    </Filter>
    <Filter Include="Graphics\Loaders">
      <UniqueIdentifier>{0FA183C1-FB99-A213-24CC-87981024821F}</UniqueIdentifier>
    </Filter>
    <Filter Include="Graphics\Materials">
      <UniqueIdentifier>{67A9A073-538D-61C9-BCED-5B1CA8F04B4B}</UniqueIdentifier>
    </Filter>
    <Filter Include="Graphics\OpenGL">
      <UniqueIdentifier>{8AE717A8-F672-856C-FF83-08616B8EE16C}</UniqueIdentifier>
    </Filter>
    <Filter Include="Graphics\OpenGL\FrameBuffers">
      <UniqueIdentifier>{D117325A-BDD2-2106-668A-9A5052246C96}</UniqueIdentifier>
    </Filter>
    <Filter Include="Graphics\Text">
      <UniqueIdentifier>{EAFD8D97-56BE-09CE-1FF9-524B8B784EAA}</UniqueIdentifier>
    </Filter>
    <Filter Include="Input">
      <UniqueIdentifier>{953A660D-014F-8EBE-CAD0-311E36A48AEF}</UniqueIdentifier>
    </Filter>
    <Filter Include="Math">
      <UniqueIdentifier>{AFF4887C-9B2B-8A0D-4418-7010302E060F}</UniqueIdentifier>
    </Filter>
    <Filter Include="Memory">
      <UniqueIdentifier>{BE94DDC2-AA36-0899-93F1-1BED7F328FE9}</UniqueIdentifier>
    </Filter>
    <Filter Include="Physics">
      <UniqueIdentifier>{888B590D-F46A-D8A8-FD82-637F69E13E0A}</UniqueIdentifier>
    </Filter>
    <Filter Include="Platform">
      <UniqueIdentifier>{2AC788B4-1694-E3BF-3FAD-D1672BD9184E}</UniqueIdentifier>
    </Filter>
    <Filter Include="Platform\Windows">
      <UniqueIdentifier>{64FBD71A-50F4-F66C-7926-DCF1657ED678}</UniqueIdentifier>
    </Filter>
    <Filter Include="Resource">
      <UniqueIdentifier>{ED6CDF9B-D939-3AA7-0253-284FEE7E6F35}</UniqueIdentifier>
    </Filter>
    <Filter Include="Serializers">
      <UniqueIdentifier>{B2497DB5-1EFF-F5AA-A7F3-EF8113A8ECAE}</UniqueIdentifier>
    </Filter>
    <Filter Include="Utils">
      <UniqueIdentifier>{F68B420E-62A0-6ABF-2B22-0E1F97F566F0}</UniqueIdentifier>
    </Filter>
  </ItemGroup>
  <ItemGroup>
    <ClInclude Include="App.h" />
    <ClInclude Include="Concurrency\SpinLock.h">
      <Filter>Concurrency</Filter>
    </ClInclude>
    <ClInclude Include="Config.h" />
    <ClInclude Include="ConfigParser.h" />
    <ClInclude Include="Core\FileSystem.h">
      <Filter>Core</Filter>
    </ClInclude>
    <ClInclude Include="Core\Time.h">
      <Filter>Core</Filter>
    </ClInclude>
    <ClInclude Include="Debug.h" />
    <ClInclude Include="EngineVars.h" />
    <ClInclude Include="Events\AppEvent.h">
      <Filter>Events</Filter>
    </ClInclude>
    <ClInclude Include="Events\Event.h">
      <Filter>Events</Filter>
    </ClInclude>
    <ClInclude Include="Events\EventHandler.h">
      <Filter>Events</Filter>
    </ClInclude>
    <ClInclude Include="Gadget.h" />
    <ClInclude Include="Game\BasicSceneManager.h">
      <Filter>Game</Filter>
    </ClInclude>
    <ClInclude Include="Game\Component.h">
      <Filter>Game</Filter>
    </ClInclude>
    <ClInclude Include="Game\ComponentFactory.h">
      <Filter>Game</Filter>
    </ClInclude>
    <ClInclude Include="Game\GameLogicComponent.h">
      <Filter>Game</Filter>
    </ClInclude>
    <ClInclude Include="Game\GameLogicManager.h">
      <Filter>Game</Filter>
    </ClInclude>
    <ClInclude Include="Game\GameObject.h">
      <Filter>Game</Filter>
    </ClInclude>
    <ClInclude Include="Game\Scene.h">
      <Filter>Game</Filter>
    </ClInclude>
    <ClInclude Include="Game\SceneComponent.h">
      <Filter>Game</Filter>
    </ClInclude>
    <ClInclude Include="GameInterface.h" />
    <ClInclude Include="Graphics\Camera.h">
      <Filter>Graphics</Filter>
    </ClInclude>
    <ClInclude Include="Graphics\Color.h">
      <Filter>Graphics</Filter>
    </ClInclude>
    <ClInclude Include="Graphics\Components\CameraComponent.h">
      <Filter>Graphics\Components</Filter>
    </ClInclude>
    <ClInclude Include="Graphics\Components\LightComponent.h">
      <Filter>Graphics\Components</Filter>
    </ClInclude>
    <ClInclude Include="Graphics\Components\RenderComponent.h">
      <Filter>Graphics\Components</Filter>
    </ClInclude>
    <ClInclude Include="Graphics\Components\SkyboxComponent.h">
      <Filter>Graphics\Components</Filter>
    </ClInclude>
    <ClInclude Include="Graphics\Cubemap.h">
      <Filter>Graphics</Filter>
    </ClInclude>
    <ClInclude Include="Graphics\DX12\DX12.h">
      <Filter>Graphics\DX12</Filter>
    </ClInclude>
    <ClInclude Include="Graphics\DX12\DX12_Command.h">
      <Filter>Graphics\DX12</Filter>
    </ClInclude>
    <ClInclude Include="Graphics\DX12\DX12_DescriptorHeap.h">
      <Filter>Graphics\DX12</Filter>
    </ClInclude>
    <ClInclude Include="Graphics\DX12\DX12_Helpers.h">
      <Filter>Graphics\DX12</Filter>
    </ClInclude>
    <ClInclude Include="Graphics\DX12\DX12_RenderSurface.h">
      <Filter>Graphics\DX12</Filter>
    </ClInclude>
    <ClInclude Include="Graphics\DX12\DX12_TextureInfo.h">
      <Filter>Graphics\DX12</Filter>
    </ClInclude>
    <ClInclude Include="Graphics\FontInfo.h">
      <Filter>Graphics</Filter>
    </ClInclude>
    <ClInclude Include="Graphics\FrameBuffer.h">
      <Filter>Graphics</Filter>
    </ClInclude>
    <ClInclude Include="Graphics\GUI\CanvasSceneComponent.h">
      <Filter>Graphics\GUI</Filter>
    </ClInclude>
    <ClInclude Include="Graphics\GUI\FpsDisplayElement.h">
      <Filter>Graphics\GUI</Filter>
    </ClInclude>
    <ClInclude Include="Graphics\GUI\GuiButton.h">
      <Filter>Graphics\GUI</Filter>
    </ClInclude>
    <ClInclude Include="Graphics\GUI\GuiCanvas.h">
      <Filter>Graphics\GUI</Filter>
    </ClInclude>
    <ClInclude Include="Graphics\GUI\GuiElement.h">
      <Filter>Graphics\GUI</Filter>
    </ClInclude>
    <ClInclude Include="Graphics\GUI\GuiManager.h">
      <Filter>Graphics\GUI</Filter>
    </ClInclude>
    <ClInclude Include="Graphics\GUI\GuiTextElement.h">
      <Filter>Graphics\GUI</Filter>
    </ClInclude>
    <ClInclude Include="Graphics\GUI\GuiTextureElement.h">
      <Filter>Graphics\GUI</Filter>
    </ClInclude>
    <ClInclude Include="Graphics\LightSource.h">
      <Filter>Graphics</Filter>
    </ClInclude>
    <ClInclude Include="Graphics\Loaders\AssimpModelLoader.h">
      <Filter>Graphics\Loaders</Filter>
    </ClInclude>
    <ClInclude Include="Graphics\Loaders\BmpLoader.h">
      <Filter>Graphics\Loaders</Filter>
    </ClInclude>
    <ClInclude Include="Graphics\Loaders\FontLoader.h">
      <Filter>Graphics\Loaders</Filter>
    </ClInclude>
    <ClInclude Include="Graphics\Loaders\FreetypeFontLoader.h">
      <Filter>Graphics\Loaders</Filter>
    </ClInclude>
    <ClInclude Include="Graphics\Loaders\ObjLoader.h">
      <Filter>Graphics\Loaders</Filter>
    </ClInclude>
    <ClInclude Include="Graphics\Materials\ColorMaterial.h">
      <Filter>Graphics\Materials</Filter>
    </ClInclude>
    <ClInclude Include="Graphics\Materials\DiffuseTextureMaterial.h">
      <Filter>Graphics\Materials</Filter>
    </ClInclude>
    <ClInclude Include="Graphics\Materials\Material.h">
      <Filter>Graphics\Materials</Filter>
    </ClInclude>
    <ClInclude Include="Graphics\Mesh.h">
      <Filter>Graphics</Filter>
    </ClInclude>
    <ClInclude Include="Graphics\MeshInfo.h">
      <Filter>Graphics</Filter>
    </ClInclude>
    <ClInclude Include="Graphics\OpenGL\FrameBuffers\GL_DefaultFrameBuffer.h">
      <Filter>Graphics\OpenGL\FrameBuffers</Filter>
    </ClInclude>
    <ClInclude Include="Graphics\OpenGL\FrameBuffers\GL_DepthFrameBuffer.h">
      <Filter>Graphics\OpenGL\FrameBuffers</Filter>
    </ClInclude>
    <ClInclude Include="Graphics\OpenGL\FrameBuffers\GL_FrameBuffer.h">
      <Filter>Graphics\OpenGL\FrameBuffers</Filter>
    </ClInclude>
    <ClInclude Include="Graphics\OpenGL\GL_CubemapInfo.h">
      <Filter>Graphics\OpenGL</Filter>
    </ClInclude>
    <ClInclude Include="Graphics\OpenGL\GL_DynamicMeshInfo.h">
      <Filter>Graphics\OpenGL</Filter>
    </ClInclude>
    <ClInclude Include="Graphics\OpenGL\GL_FontInfo.h">
      <Filter>Graphics\OpenGL</Filter>
    </ClInclude>
    <ClInclude Include="Graphics\OpenGL\GL_MeshInfo.h">
      <Filter>Graphics\OpenGL</Filter>
    </ClInclude>
    <ClInclude Include="Graphics\OpenGL\GL_ScreenQuad.h">
      <Filter>Graphics\OpenGL</Filter>
    </ClInclude>
    <ClInclude Include="Graphics\OpenGL\GL_Shader.h">
      <Filter>Graphics\OpenGL</Filter>
    </ClInclude>
    <ClInclude Include="Graphics\OpenGL\GL_TextureInfo.h">
      <Filter>Graphics\OpenGL</Filter>
    </ClInclude>
    <ClInclude Include="Graphics\Renderer.h">
      <Filter>Graphics</Filter>
    </ClInclude>
    <ClInclude Include="Graphics\Shader.h">
      <Filter>Graphics</Filter>
    </ClInclude>
    <ClInclude Include="Graphics\Text\Font.h">
      <Filter>Graphics\Text</Filter>
    </ClInclude>
    <ClInclude Include="Graphics\Text\FreetypeFont.h">
      <Filter>Graphics\Text</Filter>
    </ClInclude>
    <ClInclude Include="Graphics\Text\GlyphData.h">
      <Filter>Graphics\Text</Filter>
    </ClInclude>
    <ClInclude Include="Graphics\Text\TextMesh.h">
      <Filter>Graphics\Text</Filter>
    </ClInclude>
    <ClInclude Include="Graphics\Text\TrueTypeConstants.h">
      <Filter>Graphics\Text</Filter>
    </ClInclude>
    <ClInclude Include="Graphics\Texture.h">
      <Filter>Graphics</Filter>
    </ClInclude>
    <ClInclude Include="Graphics\TextureInfo.h">
      <Filter>Graphics</Filter>
    </ClInclude>
    <ClInclude Include="Graphics\Vertex.h">
      <Filter>Graphics</Filter>
    </ClInclude>
    <ClInclude Include="Graphics\ViewportRect.h">
      <Filter>Graphics</Filter>
    </ClInclude>
    <ClInclude Include="Input\GamepadEvent.h">
      <Filter>Input</Filter>
    </ClInclude>
    <ClInclude Include="Input\Input.h">
      <Filter>Input</Filter>
    </ClInclude>
    <ClInclude Include="Input\InputEnums.h">
      <Filter>Input</Filter>
    </ClInclude>
    <ClInclude Include="Input\InputGesture.h">
      <Filter>Input</Filter>
    </ClInclude>
    <ClInclude Include="Input\InputType.h">
      <Filter>Input</Filter>
    </ClInclude>
    <ClInclude Include="Input\KeyEvent.h">
      <Filter>Input</Filter>
    </ClInclude>
    <ClInclude Include="Input\MouseEvent.h">
      <Filter>Input</Filter>
    </ClInclude>
    <ClInclude Include="LocManager.h" />
    <ClInclude Include="Math\Angle.h">
      <Filter>Math</Filter>
    </ClInclude>
    <ClInclude Include="Math\Euler.h">
      <Filter>Math</Filter>
    </ClInclude>
    <ClInclude Include="Math\Math.h">
      <Filter>Math</Filter>
    </ClInclude>
    <ClInclude Include="Math\MathObjects.h">
      <Filter>Math</Filter>
    </ClInclude>
    <ClInclude Include="Math\Matrix.h">
      <Filter>Math</Filter>
    </ClInclude>
    <ClInclude Include="Math\Quaternion.h">
      <Filter>Math</Filter>
    </ClInclude>
    <ClInclude Include="Math\Vector.h">
      <Filter>Math</Filter>
    </ClInclude>
    <ClInclude Include="Memory\AlignedAllocator.h">
      <Filter>Memory</Filter>
    </ClInclude>
    <ClInclude Include="Memory\DoubleStackAllocator.h">
      <Filter>Memory</Filter>
    </ClInclude>
    <ClInclude Include="Memory\PoolAllocator.h">
      <Filter>Memory</Filter>
    </ClInclude>
    <ClInclude Include="Memory\StackAllocator.h">
      <Filter>Memory</Filter>
    </ClInclude>
    <ClInclude Include="Physics\BoxCollider2D.h">
      <Filter>Physics</Filter>
    </ClInclude>
    <ClInclude Include="Physics\BulletHelper.h">
      <Filter>Physics</Filter>
    </ClInclude>
    <ClInclude Include="Physics\Collider.h">
      <Filter>Physics</Filter>
    </ClInclude>
    <ClInclude Include="Physics\CollisionSystem.h">
      <Filter>Physics</Filter>
    </ClInclude>
    <ClInclude Include="Physics\CubeCollider.h">
      <Filter>Physics</Filter>
    </ClInclude>
    <ClInclude Include="Physics\PhysManager.h">
      <Filter>Physics</Filter>
    </ClInclude>
    <ClInclude Include="Physics\Rigidbody.h">
      <Filter>Physics</Filter>
    </ClInclude>
    <ClInclude Include="Platform\Windows\Win32_DX12_Renderer.h">
      <Filter>Platform\Windows</Filter>
    </ClInclude>
    <ClInclude Include="Platform\Windows\Win32_GL_Renderer.h">
      <Filter>Platform\Windows</Filter>
    </ClInclude>
    <ClInclude Include="Platform\Windows\Win32_Utils.h">
      <Filter>Platform\Windows</Filter>
    </ClInclude>
    <ClInclude Include="Platform\Windows\Win32_Window.h">
      <Filter>Platform\Windows</Filter>
    </ClInclude>
    <ClInclude Include="Random.h" />
    <ClInclude Include="RenderSurface.h" />
    <ClInclude Include="Resource\Resource.h">
      <Filter>Resource</Filter>
    </ClInclude>
    <ClInclude Include="Resource\ResourceManager.h">
      <Filter>Resource</Filter>
    </ClInclude>
    <ClInclude Include="ScreenCoordinate.h" />
    <ClInclude Include="Serializers\ResourceContainerSerializer.h">
      <Filter>Serializers</Filter>
    </ClInclude>
    <ClInclude Include="Utils\ByteSequencer.h">
      <Filter>Utils</Filter>
    </ClInclude>
    <ClInclude Include="Utils\GUID.h">
      <Filter>Utils</Filter>
    </ClInclude>
    <ClInclude Include="Utils\Hash.h">
      <Filter>Utils</Filter>
    </ClInclude>
    <ClInclude Include="Utils\NamedVar.h">
      <Filter>Utils</Filter>
    </ClInclude>
    <ClInclude Include="Utils\Profiler.h">
      <Filter>Utils</Filter>
    </ClInclude>
    <ClInclude Include="Utils\StringID.h">
      <Filter>Utils</Filter>
    </ClInclude>
    <ClInclude Include="Utils\Utils.h">
      <Filter>Utils</Filter>
    </ClInclude>
    <ClInclude Include="Utils\Var.h">
      <Filter>Utils</Filter>
    </ClInclude>
    <ClInclude Include="Window.h" />
  </ItemGroup>
  <ItemGroup>
    <ClCompile Include="App.cpp" />
    <ClCompile Include="Concurrency\SpinLock.cpp">
      <Filter>Concurrency</Filter>
    </ClCompile>
    <ClCompile Include="Config.cpp" />
    <ClCompile Include="ConfigParser.cpp" />
    <ClCompile Include="Core\FileSystem.cpp">
      <Filter>Core</Filter>
    </ClCompile>
    <ClCompile Include="Core\Time.cpp">
      <Filter>Core</Filter>
    </ClCompile>
    <ClCompile Include="Debug.cpp" />
    <ClCompile Include="EngineVars.cpp" />
    <ClCompile Include="Events\EventHandler.cpp">
      <Filter>Events</Filter>
    </ClCompile>
    <ClCompile Include="Game\BasicSceneManager.cpp">
      <Filter>Game</Filter>
    </ClCompile>
    <ClCompile Include="Game\Component.cpp">
      <Filter>Game</Filter>
    </ClCompile>
    <ClCompile Include="Game\ComponentFactory.cpp">
      <Filter>Game</Filter>
    </ClCompile>
    <ClCompile Include="Game\GameLogicComponent.cpp">
      <Filter>Game</Filter>
    </ClCompile>
    <ClCompile Include="Game\GameLogicManager.cpp">
      <Filter>Game</Filter>
    </ClCompile>
    <ClCompile Include="Game\GameObject.cpp">
      <Filter>Game</Filter>
    </ClCompile>
    <ClCompile Include="Game\Scene.cpp">
      <Filter>Game</Filter>
    </ClCompile>
    <ClCompile Include="Graphics\Camera.cpp">
      <Filter>Graphics</Filter>
    </ClCompile>
    <ClCompile Include="Graphics\Components\CameraComponent.cpp">
      <Filter>Graphics\Components</Filter>
    </ClCompile>
    <ClCompile Include="Graphics\Components\LightComponent.cpp">
      <Filter>Graphics\Components</Filter>
    </ClCompile>
    <ClCompile Include="Graphics\Components\RenderComponent.cpp">
      <Filter>Graphics\Components</Filter>
    </ClCompile>
    <ClCompile Include="Graphics\Components\SkyboxComponent.cpp">
      <Filter>Graphics\Components</Filter>
    </ClCompile>
    <ClCompile Include="Graphics\Cubemap.cpp">
      <Filter>Graphics</Filter>
    </ClCompile>
    <ClCompile Include="Graphics\DX12\DX12.cpp">
      <Filter>Graphics\DX12</Filter>
    </ClCompile>
    <ClCompile Include="Graphics\DX12\DX12_Command.cpp">
      <Filter>Graphics\DX12</Filter>
    </ClCompile>
    <ClCompile Include="Graphics\DX12\DX12_DescriptorHeap.cpp">
      <Filter>Graphics\DX12</Filter>
    </ClCompile>
    <ClCompile Include="Graphics\DX12\DX12_Helpers.cpp">
      <Filter>Graphics\DX12</Filter>
    </ClCompile>
    <ClCompile Include="Graphics\DX12\DX12_RenderSurface.cpp">
      <Filter>Graphics\DX12</Filter>
    </ClCompile>
    <ClCompile Include="Graphics\DX12\DX12_TextureInfo.cpp">
      <Filter>Graphics\DX12</Filter>
    </ClCompile>
    <ClCompile Include="Graphics\GUI\CanvasSceneComponent.cpp">
      <Filter>Graphics\GUI</Filter>
    </ClCompile>
    <ClCompile Include="Graphics\GUI\GuiCanvas.cpp">
      <Filter>Graphics\GUI</Filter>
    </ClCompile>
    <ClCompile Include="Graphics\Loaders\AssimpModelLoader.cpp">
      <Filter>Graphics\Loaders</Filter>
    </ClCompile>
    <ClCompile Include="Graphics\Loaders\BmpLoader.cpp">
      <Filter>Graphics\Loaders</Filter>
    </ClCompile>
    <ClCompile Include="Graphics\Loaders\FontLoader.cpp">
      <Filter>Graphics\Loaders</Filter>
    </ClCompile>
    <ClCompile Include="Graphics\Loaders\FreetypeFontLoader.cpp">
      <Filter>Graphics\Loaders</Filter>
    </ClCompile>
    <ClCompile Include="Graphics\Loaders\ObjLoader.cpp">
      <Filter>Graphics\Loaders</Filter>
    </ClCompile>
    <ClCompile Include="Graphics\Materials\Material.cpp">
      <Filter>Graphics\Materials</Filter>
    </ClCompile>
    <ClCompile Include="Graphics\OpenGL\FrameBuffers\GL_DefaultFrameBuffer.cpp">
      <Filter>Graphics\OpenGL\FrameBuffers</Filter>
    </ClCompile>
    <ClCompile Include="Graphics\OpenGL\FrameBuffers\GL_DepthFrameBuffer.cpp">
      <Filter>Graphics\OpenGL\FrameBuffers</Filter>
    </ClCompile>
    <ClCompile Include="Graphics\OpenGL\FrameBuffers\GL_FrameBuffer.cpp">
      <Filter>Graphics\OpenGL\FrameBuffers</Filter>
    </ClCompile>
    <ClCompile Include="Graphics\OpenGL\GL_CubemapInfo.cpp">
      <Filter>Graphics\OpenGL</Filter>
    </ClCompile>
    <ClCompile Include="Graphics\OpenGL\GL_DynamicMeshInfo.cpp">
      <Filter>Graphics\OpenGL</Filter>
    </ClCompile>
    <ClCompile Include="Graphics\OpenGL\GL_FontInfo.cpp">
      <Filter>Graphics\OpenGL</Filter>
    </ClCompile>
    <ClCompile Include="Graphics\OpenGL\GL_MeshInfo.cpp">
      <Filter>Graphics\OpenGL</Filter>
    </ClCompile>
    <ClCompile Include="Graphics\OpenGL\GL_ScreenQuad.cpp">
      <Filter>Graphics\OpenGL</Filter>
    </ClCompile>
    <ClCompile Include="Graphics\OpenGL\GL_Shader.cpp">
      <Filter>Graphics\OpenGL</Filter>
    </ClCompile>
    <ClCompile Include="Graphics\OpenGL\GL_TextureInfo.cpp">
      <Filter>Graphics\OpenGL</Filter>
    </ClCompile>
    <ClCompile Include="Graphics\Text\Font.cpp">
      <Filter>Graphics\Text</Filter>
    </ClCompile>
    <ClCompile Include="Graphics\Text\TextMesh.cpp">
      <Filter>Graphics\Text</Filter>
    </ClCompile>
    <ClCompile Include="Input\Input.cpp">
      <Filter>Input</Filter>
    </ClCompile>
    <ClCompile Include="Input\InputGesture.cpp">
      <Filter>Input</Filter>
    </ClCompile>
    <ClCompile Include="LocManager.cpp" />
    <ClCompile Include="Math\Angle.cpp">
      <Filter>Math</Filter>
    </ClCompile>
    <ClCompile Include="Math\Euler.cpp">
      <Filter>Math</Filter>
    </ClCompile>
    <ClCompile Include="Math\Matrix2.cpp">
      <Filter>Math</Filter>
    </ClCompile>
    <ClCompile Include="Math\Matrix3.cpp">
      <Filter>Math</Filter>
    </ClCompile>
    <ClCompile Include="Math\Matrix4.cpp">
      <Filter>Math</Filter>
    </ClCompile>
    <ClCompile Include="Math\Matrix4x3.cpp">
      <Filter>Math</Filter>
    </ClCompile>
    <ClCompile Include="Math\Quaternion.cpp">
      <Filter>Math</Filter>
    </ClCompile>
    <ClCompile Include="Memory\DoubleStackAllocator.cpp">
      <Filter>Memory</Filter>
    </ClCompile>
    <ClCompile Include="Memory\StackAllocator.cpp">
      <Filter>Memory</Filter>
    </ClCompile>
    <ClCompile Include="Physics\Collider.cpp">
      <Filter>Physics</Filter>
    </ClCompile>
    <ClCompile Include="Physics\CollisionSystem.cpp">
      <Filter>Physics</Filter>
    </ClCompile>
    <ClCompile Include="Physics\PhysManager.cpp">
      <Filter>Physics</Filter>
    </ClCompile>
    <ClCompile Include="Physics\Rigidbody.cpp">
      <Filter>Physics</Filter>
    </ClCompile>
    <ClCompile Include="Platform\Windows\Win32_DX12_Renderer.cpp">
      <Filter>Platform\Windows</Filter>
    </ClCompile>
    <ClCompile Include="Platform\Windows\Win32_GL_Renderer.cpp">
      <Filter>Platform\Windows</Filter>
    </ClCompile>
    <ClCompile Include="Platform\Windows\Win32_Utils.cpp">
      <Filter>Platform\Windows</Filter>
    </ClCompile>
    <ClCompile Include="Platform\Windows\Win32_Window.cpp">
      <Filter>Platform\Windows</Filter>
    </ClCompile>
    <ClCompile Include="Resource\ResourceManager.cpp">
      <Filter>Resource</Filter>
    </ClCompile>
    <ClCompile Include="Utils\ByteSequencer.cpp">
      <Filter>Utils</Filter>
    </ClCompile>
    <ClCompile Include="Utils\GUID.cpp">
      <Filter>Utils</Filter>
    </ClCompile>
    <ClCompile Include="Utils\Profiler.cpp">
      <Filter>Utils</Filter>
    </ClCompile>
    <ClCompile Include="Utils\StringID.cpp">
      <Filter>Utils</Filter>
    </ClCompile>
  </ItemGroup>
</Project>