<?xml version="1.0" encoding="utf-8"?>
<Project ToolsVersion="4.0" xmlns="http://schemas.microsoft.com/developer/msbuild/2003">
  <ItemGroup>
    <Filter Include="Demos">
      <UniqueIdentifier>{1DC3060D-89D7-2EBE-5259-D21DBE2C2BEF}</UniqueIdentifier>
    </Filter>
    <Filter Include="Demos\00-DemoReel">
      <UniqueIdentifier>{86AD7288-F2C3-701E-3B3B-FC3FA79041A6}</UniqueIdentifier>
    </Filter>
    <Filter Include="Demos\01-Pong">
      <UniqueIdentifier>{2EE4DCF3-9AA4-582A-63DF-A1A7CF5E9D06}</UniqueIdentifier>
    </Filter>
    <Filter Include="Demos\02-StarHawx">
      <UniqueIdentifier>{CDAF3FCF-39C6-3D65-823D-C986EE920EED}</UniqueIdentifier>
    </Filter>
  </ItemGroup>
  <ItemGroup>
    <ClInclude Include="CameraController.h" />
    <ClInclude Include="Demos\00-DemoReel\DemoReelGame.h">
      <Filter>Demos\00-DemoReel</Filter>
    </ClInclude>
    <ClInclude Include="Demos\00-DemoReel\DemoReelScene.h">
      <Filter>Demos\00-DemoReel</Filter>
    </ClInclude>
    <ClInclude Include="Demos\01-Pong\BallController.h">
      <Filter>Demos\01-Pong</Filter>
    </ClInclude>
    <ClInclude Include="Demos\01-Pong\PaddleAI.h">
      <Filter>Demos\01-Pong</Filter>
    </ClInclude>
    <ClInclude Include="Demos\01-Pong\PaddleController.h">
      <Filter>Demos\01-Pong</Filter>
    </ClInclude>
    <ClInclude Include="Demos\01-Pong\PaddleObject.h">
      <Filter>Demos\01-Pong</Filter>
    </ClInclude>
    <ClInclude Include="Demos\01-Pong\PongGame.h">
      <Filter>Demos\01-Pong</Filter>
    </ClInclude>
    <ClInclude Include="Demos\01-Pong\PongMenuScene.h">
      <Filter>Demos\01-Pong</Filter>
    </ClInclude>
    <ClInclude Include="Demos\01-Pong\PongMenuSceneHandler.h">
      <Filter>Demos\01-Pong</Filter>
    </ClInclude>
    <ClInclude Include="Demos\01-Pong\PongScene.h">
      <Filter>Demos\01-Pong</Filter>
    </ClInclude>
    <ClInclude Include="Demos\01-Pong\PongSceneHandler.h">
      <Filter>Demos\01-Pong</Filter>
    </ClInclude>
    <ClInclude Include="Demos\01-Pong\PongState.h">
      <Filter>Demos\01-Pong</Filter>
    </ClInclude>
    <ClInclude Include="Demos\02-StarHawx\GameplayTestScene.h">
      <Filter>Demos\02-StarHawx</Filter>
    </ClInclude>
    <ClInclude Include="Demos\02-StarHawx\PlayerCamera.h">
      <Filter>Demos\02-StarHawx</Filter>
    </ClInclude>
    <ClInclude Include="Demos\02-StarHawx\PlayerController.h">
      <Filter>Demos\02-StarHawx</Filter>
    </ClInclude>
    <ClInclude Include="Demos\02-StarHawx\PlayerObject.h">
      <Filter>Demos\02-StarHawx</Filter>
    </ClInclude>
    <ClInclude Include="Demos\02-StarHawx\StarHawxGame.h">
      <Filter>Demos\02-StarHawx</Filter>
    </ClInclude>
    <ClInclude Include="ExampleGame.h" />
    <ClInclude Include="ExampleScene.h" />
    <ClInclude Include="ObjectRotator.h" />
    <ClInclude Include="StarHawxDefines.h" />
  </ItemGroup>
  <ItemGroup>
    <ClCompile Include="Demos\01-Pong\PongSceneHandler.cpp">
      <Filter>Demos\01-Pong</Filter>
    </ClCompile>
    <ClCompile Include="Main.cpp" />
  </ItemGroup>
</Project>