
Microsoft Visual Studio Solution File, Format Version 12.00
# Visual Studio Version 16
Project("{8BC9CEB8-8B4A-11D0-8D11-00A0C91BC942}") = "Game", "Game\Game.vcxproj", "{7FA9857C-6BE0-860D-14CD-6C1000E3020F}"
	ProjectSection(ProjectDependencies) = postProject
		{A7C7C5A6-932A-554B-3CB0-8D0128F220CE} = {A7C7C5A6-932A-554B-3CB0-8D0128F220CE}
		{BDD6857C-A90D-870D-52FA-6C103E10030F} = {BDD6857C-A90D-870D-52FA-6C103E10030F}
		{3ABE8B7C-26F5-8C0D-CFE1-7210BBF7080F} = {3ABE8B7C-26F5-8C0D-CFE1-7210BBF7080F}
		{1FBB913C-0B88-EC47-34A1-DAEF20CD21D6} = {1FBB913C-0B88-EC47-34A1-DAEF20CD21D6}
		{B91153C5-259D-C089-2EAE-437E9AB81C8A} = {B91153C5-259D-C089-2EAE-437E9AB81C8A}
		{45122E0F-31E0-2115-1A74-923B06E1FD79} = {45122E0F-31E0-2115-1A74-923B06E1FD79}
		{F2CA0A84-DEC3-29D6-07F6-0E5BF34D09E2} = {F2CA0A84-DEC3-29D6-07F6-0E5BF34D09E2}
	EndProjectSection
EndProject
Project("{8BC9CEB8-8B4A-11D0-8D11-00A0C91BC942}") = "BulletCollision", "SDK\_prj\BulletCollision.vcxproj", "{B91153C5-259D-C089-2EAE-437E9AB81C8A}"
EndProject
Project("{8BC9CEB8-8B4A-11D0-8D11-00A0C91BC942}") = "BulletDynamics", "SDK\_prj\BulletDynamics.vcxproj", "{45122E0F-31E0-2115-1A74-923B06E1FD79}"
EndProject
Project("{8BC9CEB8-8B4A-11D0-8D11-00A0C91BC942}") = "BulletLinearMath", "SDK\_prj\LinearMath.vcxproj", "{F2CA0A84-DEC3-29D6-07F6-0E5BF34D09E2}"
EndProject
Project("{8BC9CEB8-8B4A-11D0-8D11-00A0C91BC942}") = "GadgetEngine", "GadgetEngine\GadgetEngine.vcxproj", "{A7C7C5A6-932A-554B-3CB0-8D0128F220CE}"
	ProjectSection(ProjectDependencies) = postProject
		{BDD6857C-A90D-870D-52FA-6C103E10030F} = {BDD6857C-A90D-870D-52FA-6C103E10030F}
		{3ABE8B7C-26F5-8C0D-CFE1-7210BBF7080F} = {3ABE8B7C-26F5-8C0D-CFE1-7210BBF7080F}
		{1FBB913C-0B88-EC47-34A1-DAEF20CD21D6} = {1FBB913C-0B88-EC47-34A1-DAEF20CD21D6}
		{B91153C5-259D-C089-2EAE-437E9AB81C8A} = {B91153C5-259D-C089-2EAE-437E9AB81C8A}
		{45122E0F-31E0-2115-1A74-923B06E1FD79} = {45122E0F-31E0-2115-1A74-923B06E1FD79}
		{F2CA0A84-DEC3-29D6-07F6-0E5BF34D09E2} = {F2CA0A84-DEC3-29D6-07F6-0E5BF34D09E2}
	EndProjectSection
EndProject
Project("{8BC9CEB8-8B4A-11D0-8D11-00A0C91BC942}") = "Glad", "SDK\_prj\Glad.vcxproj", "{BDD6857C-A90D-870D-52FA-6C103E10030F}"
EndProject
Project("{8BC9CEB8-8B4A-11D0-8D11-00A0C91BC942}") = "SDL2", "SDK\_prj\SDL2.vcxproj", "{3ABE8B7C-26F5-8C0D-CFE1-7210BBF7080F}"
EndProject
Project("{8BC9CEB8-8B4A-11D0-8D11-00A0C91BC942}") = "SDL2main", "SDK\_prj\SDL2main.vcxproj", "{1FBB913C-0B88-EC47-34A1-DAEF20CD21D6}"
	ProjectSection(ProjectDependencies) = postProject
		{3ABE8B7C-26F5-8C0D-CFE1-7210BBF7080F} = {3ABE8B7C-26F5-8C0D-CFE1-7210BBF7080F}
	EndProjectSection
EndProject
Global
	GlobalSection(SolutionConfigurationPlatforms) = preSolution
		Debug|x64 = Debug|x64
		Release|x64 = Release|x64
	EndGlobalSection
	GlobalSection(ProjectConfigurationPlatforms) = postSolution
		{7FA9857C-6BE0-860D-14CD-6C1000E3020F}.Debug|x64.ActiveCfg = Debug|x64
		{7FA9857C-6BE0-860D-14CD-6C1000E3020F}.Debug|x64.Build.0 = Debug|x64
		{7FA9857C-6BE0-860D-14CD-6C1000E3020F}.Release|x64.ActiveCfg = Release|x64
		{7FA9857C-6BE0-860D-14CD-6C1000E3020F}.Release|x64.Build.0 = Release|x64
		{B91153C5-259D-C089-2EAE-437E9AB81C8A}.Debug|x64.ActiveCfg = Debug|x64
		{B91153C5-259D-C089-2EAE-437E9AB81C8A}.Debug|x64.Build.0 = Debug|x64
		{B91153C5-259D-C089-2EAE-437E9AB81C8A}.Release|x64.ActiveCfg = Release|x64
		{B91153C5-259D-C089-2EAE-437E9AB81C8A}.Release|x64.Build.0 = Release|x64
		{45122E0F-31E0-2115-1A74-923B06E1FD79}.Debug|x64.ActiveCfg = Debug|x64
		{45122E0F-31E0-2115-1A74-923B06E1FD79}.Debug|x64.Build.0 = Debug|x64
		{45122E0F-31E0-2115-1A74-923B06E1FD79}.Release|x64.ActiveCfg = Release|x64
		{45122E0F-31E0-2115-1A74-923B06E1FD79}.Release|x64.Build.0 = Release|x64
		{F2CA0A84-DEC3-29D6-07F6-0E5BF34D09E2}.Debug|x64.ActiveCfg = Debug|x64
		{F2CA0A84-DEC3-29D6-07F6-0E5BF34D09E2}.Debug|x64.Build.0 = Debug|x64
		{F2CA0A84-DEC3-29D6-07F6-0E5BF34D09E2}.Release|x64.ActiveCfg = Release|x64
		{F2CA0A84-DEC3-29D6-07F6-0E5BF34D09E2}.Release|x64.Build.0 = Release|x64
		{A7C7C5A6-932A-554B-3CB0-8D0128F220CE}.Debug|x64.ActiveCfg = Debug|x64
		{A7C7C5A6-932A-554B-3CB0-8D0128F220CE}.Debug|x64.Build.0 = Debug|x64
		{A7C7C5A6-932A-554B-3CB0-8D0128F220CE}.Release|x64.ActiveCfg = Release|x64
		{A7C7C5A6-932A-554B-3CB0-8D0128F220CE}.Release|x64.Build.0 = Release|x64
		{BDD6857C-A90D-870D-52FA-6C103E10030F}.Debug|x64.ActiveCfg = Debug|x64
		{BDD6857C-A90D-870D-52FA-6C103E10030F}.Debug|x64.Build.0 = Debug|x64
		{BDD6857C-A90D-870D-52FA-6C103E10030F}.Release|x64.ActiveCfg = Release|x64
		{BDD6857C-A90D-870D-52FA-6C103E10030F}.Release|x64.Build.0 = Release|x64
		{3ABE8B7C-26F5-8C0D-CFE1-7210BBF7080F}.Debug|x64.ActiveCfg = Debug|x64
		{3ABE8B7C-26F5-8C0D-CFE1-7210BBF7080F}.Debug|x64.Build.0 = Debug|x64
		{3ABE8B7C-26F5-8C0D-CFE1-7210BBF7080F}.Release|x64.ActiveCfg = Release|x64
		{3ABE8B7C-26F5-8C0D-CFE1-7210BBF7080F}.Release|x64.Build.0 = Release|x64
		{1FBB913C-0B88-EC47-34A1-DAEF20CD21D6}.Debug|x64.ActiveCfg = Debug|x64
		{1FBB913C-0B88-EC47-34A1-DAEF20CD21D6}.Debug|x64.Build.0 = Debug|x64
		{1FBB913C-0B88-EC47-34A1-DAEF20CD21D6}.Release|x64.ActiveCfg = Release|x64
		{1FBB913C-0B88-EC47-34A1-DAEF20CD21D6}.Release|x64.Build.0 = Release|x64
	EndGlobalSection
	GlobalSection(SolutionProperties) = preSolution
		HideSolutionNode = FALSE
	EndGlobalSection
EndGlobal
