<?xml version="1.0" encoding="utf-8"?>
<Project ToolsVersion="4.0" xmlns="http://schemas.microsoft.com/developer/msbuild/2003">
  <ItemGroup>
    <Filter Include="DataTests">
      <UniqueIdentifier>{D289ED31-3EF4-A1A8-8732-534EF3DB7FFD}</UniqueIdentifier>
    </Filter>
    <Filter Include="TestUtils">
      <UniqueIdentifier>{36DB2D0A-A245-E280-EB83-9326572DC0D5}</UniqueIdentifier>
    </Filter>
    <Filter Include="_Catch2">
      <UniqueIdentifier>{B9620238-2542-81D3-2E5A-0CAA9AB8E734}</UniqueIdentifier>
    </Filter>
  </ItemGroup>
  <ItemGroup>
    <ClInclude Include="TestUtils\LifetimeTester.h">
      <Filter>TestUtils</Filter>
    </ClInclude>
    <ClInclude Include="_Catch2\catch_amalgamated.hpp">
      <Filter>_Catch2</Filter>
    </ClInclude>
  </ItemGroup>
  <ItemGroup>
    <ClCompile Include="DataTests\ArrayTests.cpp">
      <Filter>DataTests</Filter>
    </ClCompile>
    <ClCompile Include="DataTests\DListTests.cpp">
      <Filter>DataTests</Filter>
    </ClCompile>
    <ClCompile Include="DataTests\GraphTests.cpp">
      <Filter>DataTests</Filter>
    </ClCompile>
    <ClCompile Include="DataTests\HashSetTests.cpp">
      <Filter>DataTests</Filter>
    </ClCompile>
    <ClCompile Include="DataTests\HashTableTests.cpp">
      <Filter>DataTests</Filter>
    </ClCompile>
    <ClCompile Include="DataTests\ListTests.cpp">
      <Filter>DataTests</Filter>
    </ClCompile>
    <ClCompile Include="DataTests\QueueTests.cpp">
      <Filter>DataTests</Filter>
    </ClCompile>
    <ClCompile Include="DataTests\StackTests.cpp">
      <Filter>DataTests</Filter>
    </ClCompile>
    <ClCompile Include="DataTests\StaticArrayTests.cpp">
      <Filter>DataTests</Filter>
    </ClCompile>
    <ClCompile Include="DataTests\StaticHashTableTests.cpp">
      <Filter>DataTests</Filter>
    </ClCompile>
    <ClCompile Include="DataTests\StringTests.cpp">
      <Filter>DataTests</Filter>
    </ClCompile>
    <ClCompile Include="_Catch2\catch_amalgamated.cpp">
      <Filter>_Catch2</Filter>
    </ClCompile>
  </ItemGroup>
</Project>