<?xml version="1.0" encoding="utf-8"?>
<Project ToolsVersion="4.0" xmlns="http://schemas.microsoft.com/developer/msbuild/2003">
  <ItemGroup>
    <Filter Include="include">
      <UniqueIdentifier>{89AF369E-F58E-B539-FEA6-40106A051C9B}</UniqueIdentifier>
    </Filter>
    <Filter Include="src">
      <UniqueIdentifier>{2DAB880B-99B4-887C-2230-9F7C8E38947C}</UniqueIdentifier>
    </Filter>
  </ItemGroup>
  <ItemGroup>
    <ClInclude Include="..\SDL_image\include\SDL_image.h">
      <Filter>include</Filter>
    </ClInclude>
    <ClInclude Include="..\SDL_image\src\miniz.h">
      <Filter>src</Filter>
    </ClInclude>
    <ClInclude Include="..\SDL_image\src\nanosvg.h">
      <Filter>src</Filter>
    </ClInclude>
    <ClInclude Include="..\SDL_image\src\nanosvgrast.h">
      <Filter>src</Filter>
    </ClInclude>
    <ClInclude Include="..\SDL_image\src\qoi.h">
      <Filter>src</Filter>
    </ClInclude>
    <ClInclude Include="..\SDL_image\src\stb_image.h">
      <Filter>src</Filter>
    </ClInclude>
    <ClInclude Include="..\SDL_image\src\tiny_jpeg.h">
      <Filter>src</Filter>
    </ClInclude>
  </ItemGroup>
  <ItemGroup>
    <ClCompile Include="..\SDL_image\src\IMG.c">
      <Filter>src</Filter>
    </ClCompile>
    <ClCompile Include="..\SDL_image\src\IMG_WIC.c">
      <Filter>src</Filter>
    </ClCompile>
    <ClCompile Include="..\SDL_image\src\IMG_avif.c">
      <Filter>src</Filter>
    </ClCompile>
    <ClCompile Include="..\SDL_image\src\IMG_bmp.c">
      <Filter>src</Filter>
    </ClCompile>
    <ClCompile Include="..\SDL_image\src\IMG_gif.c">
      <Filter>src</Filter>
    </ClCompile>
    <ClCompile Include="..\SDL_image\src\IMG_jpg.c">
      <Filter>src</Filter>
    </ClCompile>
    <ClCompile Include="..\SDL_image\src\IMG_jxl.c">
      <Filter>src</Filter>
    </ClCompile>
    <ClCompile Include="..\SDL_image\src\IMG_lbm.c">
      <Filter>src</Filter>
    </ClCompile>
    <ClCompile Include="..\SDL_image\src\IMG_pcx.c">
      <Filter>src</Filter>
    </ClCompile>
    <ClCompile Include="..\SDL_image\src\IMG_png.c">
      <Filter>src</Filter>
    </ClCompile>
    <ClCompile Include="..\SDL_image\src\IMG_pnm.c">
      <Filter>src</Filter>
    </ClCompile>
    <ClCompile Include="..\SDL_image\src\IMG_qoi.c">
      <Filter>src</Filter>
    </ClCompile>
    <ClCompile Include="..\SDL_image\src\IMG_stb.c">
      <Filter>src</Filter>
    </ClCompile>
    <ClCompile Include="..\SDL_image\src\IMG_svg.c">
      <Filter>src</Filter>
    </ClCompile>
    <ClCompile Include="..\SDL_image\src\IMG_tga.c">
      <Filter>src</Filter>
    </ClCompile>
    <ClCompile Include="..\SDL_image\src\IMG_tif.c">
      <Filter>src</Filter>
    </ClCompile>
    <ClCompile Include="..\SDL_image\src\IMG_webp.c">
      <Filter>src</Filter>
    </ClCompile>
    <ClCompile Include="..\SDL_image\src\IMG_xcf.c">
      <Filter>src</Filter>
    </ClCompile>
    <ClCompile Include="..\SDL_image\src\IMG_xpm.c">
      <Filter>src</Filter>
    </ClCompile>
    <ClCompile Include="..\SDL_image\src\IMG_xv.c">
      <Filter>src</Filter>
    </ClCompile>
    <ClCompile Include="..\SDL_image\src\IMG_xxx.c">
      <Filter>src</Filter>
    </ClCompile>
  </ItemGroup>
</Project>