<?xml version="1.0" encoding="utf-8"?>
<Project ToolsVersion="4.0" xmlns="http://schemas.microsoft.com/developer/msbuild/2003">
  <ItemGroup>
    <Filter Include="Core">
      <UniqueIdentifier>{2EB4837C-1AEB-840D-C3D7-6A10AFED000F}</UniqueIdentifier>
    </Filter>
    <Filter Include="Flows">
      <UniqueIdentifier>{50D42E0D-BCE8-56BE-856A-FA1DF13D53EF}</UniqueIdentifier>
    </Filter>
    <Filter Include="Projects">
      <UniqueIdentifier>{4FB858A2-3B85-B3AD-649E-A15550CAE83B}</UniqueIdentifier>
    </Filter>
    <Filter Include="SDK">
      <UniqueIdentifier>{071D880B-7326-887C-FCA1-9E7C68AA937C}</UniqueIdentifier>
    </Filter>
    <Filter Include="SDK\ImGui">
      <UniqueIdentifier>{71FB4978-DD65-FEEE-26A4-AF94924DDC43}</UniqueIdentifier>
    </Filter>
    <Filter Include="SDK\ImGui\backends">
      <UniqueIdentifier>{BBE4F3EC-A7C8-B442-1029-AF95FC2B9FC4}</UniqueIdentifier>
    </Filter>
    <Filter Include="Utils">
      <UniqueIdentifier>{F68B420E-62A0-6ABF-2B22-0E1F97F566F0}</UniqueIdentifier>
    </Filter>
    <Filter Include="Windows">
      <UniqueIdentifier>{5032B729-BC11-36C5-C529-C19B31889C26}</UniqueIdentifier>
    </Filter>
    <Filter Include="Windows\Tabs">
      <UniqueIdentifier>{895D2534-75C0-B4D8-1E46-ED8E0A88805B}</UniqueIdentifier>
    </Filter>
  </ItemGroup>
  <ItemGroup>
    <ClInclude Include="..\SDK\ImGui\backends\imgui_impl_opengl3.h">
      <Filter>SDK\ImGui\backends</Filter>
    </ClInclude>
    <ClInclude Include="..\SDK\ImGui\backends\imgui_impl_sdl2.h">
      <Filter>SDK\ImGui\backends</Filter>
    </ClInclude>
    <ClInclude Include="..\SDK\ImGui\imconfig.h">
      <Filter>SDK\ImGui</Filter>
    </ClInclude>
    <ClInclude Include="..\SDK\ImGui\imgui.h">
      <Filter>SDK\ImGui</Filter>
    </ClInclude>
    <ClInclude Include="..\SDK\ImGui\imgui_internal.h">
      <Filter>SDK\ImGui</Filter>
    </ClInclude>
    <ClInclude Include="..\SDK\ImGui\imstb_rectpack.h">
      <Filter>SDK\ImGui</Filter>
    </ClInclude>
    <ClInclude Include="..\SDK\ImGui\imstb_textedit.h">
      <Filter>SDK\ImGui</Filter>
    </ClInclude>
    <ClInclude Include="..\SDK\ImGui\imstb_truetype.h">
      <Filter>SDK\ImGui</Filter>
    </ClInclude>
    <ClInclude Include="Core\Callback.h">
      <Filter>Core</Filter>
    </ClInclude>
    <ClInclude Include="Core\EditorWindow.h">
      <Filter>Core</Filter>
    </ClInclude>
    <ClInclude Include="Core\FontManager.h">
      <Filter>Core</Filter>
    </ClInclude>
    <ClInclude Include="Core\WindowManager.h">
      <Filter>Core</Filter>
    </ClInclude>
    <ClInclude Include="EditorApp.h" />
    <ClInclude Include="Flows\EditorFlow.h">
      <Filter>Flows</Filter>
    </ClInclude>
    <ClInclude Include="Flows\Flow.h">
      <Filter>Flows</Filter>
    </ClInclude>
    <ClInclude Include="Flows\ProjectStartupFlow.h">
      <Filter>Flows</Filter>
    </ClInclude>
    <ClInclude Include="Projects\Project.h">
      <Filter>Projects</Filter>
    </ClInclude>
    <ClInclude Include="Projects\ProjectManager.h">
      <Filter>Projects</Filter>
    </ClInclude>
    <ClInclude Include="Utils\VisualStudioHelper.h">
      <Filter>Utils</Filter>
    </ClInclude>
    <ClInclude Include="Windows\CreateProjectWindow.h">
      <Filter>Windows</Filter>
    </ClInclude>
    <ClInclude Include="Windows\EditorToolbar.h">
      <Filter>Windows</Filter>
    </ClInclude>
    <ClInclude Include="Windows\ProjectBrowserWindow.h">
      <Filter>Windows</Filter>
    </ClInclude>
    <ClInclude Include="Windows\SubWindow.h">
      <Filter>Windows</Filter>
    </ClInclude>
    <ClInclude Include="Windows\Tabs\ResourcesTab.h">
      <Filter>Windows\Tabs</Filter>
    </ClInclude>
    <ClInclude Include="Windows\Tabs\SubTab.h">
      <Filter>Windows\Tabs</Filter>
    </ClInclude>
  </ItemGroup>
  <ItemGroup>
    <ClCompile Include="..\SDK\ImGui\backends\imgui_impl_opengl3.cpp">
      <Filter>SDK\ImGui\backends</Filter>
    </ClCompile>
    <ClCompile Include="..\SDK\ImGui\backends\imgui_impl_sdl2.cpp">
      <Filter>SDK\ImGui\backends</Filter>
    </ClCompile>
    <ClCompile Include="..\SDK\ImGui\imgui.cpp">
      <Filter>SDK\ImGui</Filter>
    </ClCompile>
    <ClCompile Include="..\SDK\ImGui\imgui_demo.cpp">
      <Filter>SDK\ImGui</Filter>
    </ClCompile>
    <ClCompile Include="..\SDK\ImGui\imgui_draw.cpp">
      <Filter>SDK\ImGui</Filter>
    </ClCompile>
    <ClCompile Include="..\SDK\ImGui\imgui_tables.cpp">
      <Filter>SDK\ImGui</Filter>
    </ClCompile>
    <ClCompile Include="..\SDK\ImGui\imgui_widgets.cpp">
      <Filter>SDK\ImGui</Filter>
    </ClCompile>
    <ClCompile Include="Core\EditorWindow.cpp">
      <Filter>Core</Filter>
    </ClCompile>
    <ClCompile Include="Core\FontManager.cpp">
      <Filter>Core</Filter>
    </ClCompile>
    <ClCompile Include="Core\WindowManager.cpp">
      <Filter>Core</Filter>
    </ClCompile>
    <ClCompile Include="EditorApp.cpp" />
    <ClCompile Include="Flows\EditorFlow.cpp">
      <Filter>Flows</Filter>
    </ClCompile>
    <ClCompile Include="Flows\ProjectStartupFlow.cpp">
      <Filter>Flows</Filter>
    </ClCompile>
    <ClCompile Include="Main.cpp" />
    <ClCompile Include="Projects\ProjectManager.cpp">
      <Filter>Projects</Filter>
    </ClCompile>
    <ClCompile Include="Windows\CreateProjectWindow.cpp">
      <Filter>Windows</Filter>
    </ClCompile>
    <ClCompile Include="Windows\EditorToolbar.cpp">
      <Filter>Windows</Filter>
    </ClCompile>
    <ClCompile Include="Windows\ProjectBrowserWindow.cpp">
      <Filter>Windows</Filter>
    </ClCompile>
    <ClCompile Include="Windows\Tabs\ResourcesTab.cpp">
      <Filter>Windows\Tabs</Filter>
    </ClCompile>
  </ItemGroup>
</Project>